
Microsoft Visual Studio Solution File, Format Version 12.00
# Visual Studio 2012
Project("{FAE04EC0-301F-11D3-BF4B-00C04F79EFBC}") = "FoodEquallity", "FoodEquallity\FoodEquallity.csproj", "{B5BB72FE-3779-4541-AD78-10D9E3C86013}"
EndProject
Global
	GlobalSection(SolutionConfigurationPlatforms) = preSolution
		Debug|Any CPU = Debug|Any CPU
		Release|Any CPU = Release|Any CPU
	EndGlobalSection
	GlobalSection(ProjectConfigurationPlatforms) = postSolution
		{B5BB72FE-3779-4541-AD78-10D9E3C86013}.Debug|Any CPU.ActiveCfg = Debug|Any CPU
		{B5BB72FE-3779-4541-AD78-10D9E3C86013}.Debug|Any CPU.Build.0 = Debug|Any CPU
		{B5BB72FE-3779-4541-AD78-10D9E3C86013}.Release|Any CPU.ActiveCfg = Release|Any CPU
		{B5BB72FE-3779-4541-AD78-10D9E3C86013}.Release|Any CPU.Build.0 = Release|Any CPU
	EndGlobalSection
	GlobalSection(SolutionProperties) = preSolution
		HideSolutionNode = FALSE
	EndGlobalSection
EndGlobal
